
Microsoft Visual Studio Solution File, Format Version 12.00
# Visual Studio Version 17
VisualStudioVersion = 17.14.36811.4 d17.14
MinimumVisualStudioVersion = 10.0.40219.1
Project("{54A90642-561A-4BB1-A94E-469ADEE60C69}") = "diagram_mysql.client", "diagram_mysql.client\diagram_mysql.client.esproj", "{BFE7B104-8353-2AD3-8556-CB3C9C813E26}"
EndProject
Project("{FAE04EC0-301F-11D3-BF4B-00C04F79EFBC}") = "DIAGRAM_MySQL.Server", "DIAGRAM_MySQL.Server\DIAGRAM_MySQL.Server.csproj", "{C91B9C7F-EC75-48B6-9129-AD12D77BEF98}"
EndProject
Global
	GlobalSection(SolutionConfigurationPlatforms) = preSolution
		Debug|Any CPU = Debug|Any CPU
		Release|Any CPU = Release|Any CPU
	EndGlobalSection
	GlobalSection(ProjectConfigurationPlatforms) = postSolution
		{BFE7B104-8353-2AD3-8556-CB3C9C813E26}.Debug|Any CPU.ActiveCfg = Debug|Any CPU
		{BFE7B104-8353-2AD3-8556-CB3C9C813E26}.Debug|Any CPU.Build.0 = Debug|Any CPU
		{BFE7B104-8353-2AD3-8556-CB3C9C813E26}.Debug|Any CPU.Deploy.0 = Debug|Any CPU
		{BFE7B104-8353-2AD3-8556-CB3C9C813E26}.Release|Any CPU.ActiveCfg = Release|Any CPU
		{BFE7B104-8353-2AD3-8556-CB3C9C813E26}.Release|Any CPU.Build.0 = Release|Any CPU
		{BFE7B104-8353-2AD3-8556-CB3C9C813E26}.Release|Any CPU.Deploy.0 = Release|Any CPU
		{C91B9C7F-EC75-48B6-9129-AD12D77BEF98}.Debug|Any CPU.ActiveCfg = Debug|Any CPU
		{C91B9C7F-EC75-48B6-9129-AD12D77BEF98}.Debug|Any CPU.Build.0 = Debug|Any CPU
		{C91B9C7F-EC75-48B6-9129-AD12D77BEF98}.Release|Any CPU.ActiveCfg = Release|Any CPU
		{C91B9C7F-EC75-48B6-9129-AD12D77BEF98}.Release|Any CPU.Build.0 = Release|Any CPU
	EndGlobalSection
	GlobalSection(SolutionProperties) = preSolution
		HideSolutionNode = FALSE
	EndGlobalSection
	GlobalSection(ExtensibilityGlobals) = postSolution
		SolutionGuid = {4A0ABFC4-7856-4155-ADD4-D9E4D323A329}
	EndGlobalSection
EndGlobal
