
Microsoft Visual Studio Solution File, Format Version 12.00
# Visual Studio Version 17
VisualStudioVersion = 17.14.37111.16 d17.14
MinimumVisualStudioVersion = 10.0.40219.1
Project("{FAE04EC0-301F-11D3-BF4B-00C04F79EFBC}") = "CollaborationSample", "CollaborationSample.csproj", "{EE706536-9D6F-B12E-EE89-3D3F3693801D}"
EndProject
Global
	GlobalSection(SolutionConfigurationPlatforms) = preSolution
		Debug|Any CPU = Debug|Any CPU
		Release|Any CPU = Release|Any CPU
	EndGlobalSection
	GlobalSection(ProjectConfigurationPlatforms) = postSolution
		{EE706536-9D6F-B12E-EE89-3D3F3693801D}.Debug|Any CPU.ActiveCfg = Debug|Any CPU
		{EE706536-9D6F-B12E-EE89-3D3F3693801D}.Debug|Any CPU.Build.0 = Debug|Any CPU
		{EE706536-9D6F-B12E-EE89-3D3F3693801D}.Release|Any CPU.ActiveCfg = Release|Any CPU
		{EE706536-9D6F-B12E-EE89-3D3F3693801D}.Release|Any CPU.Build.0 = Release|Any CPU
	EndGlobalSection
	GlobalSection(SolutionProperties) = preSolution
		HideSolutionNode = FALSE
	EndGlobalSection
	GlobalSection(ExtensibilityGlobals) = postSolution
		SolutionGuid = {F0BAAE48-51FD-481E-8C21-7CDCC6833CD2}
	EndGlobalSection
EndGlobal
