{
  "name": "asp.net",
  "version": "1.0.0",
  "lockfileVersion": 3,
  "requires": true,
  "packages": {
    "": {
      "name": "asp.net",
      "version": "1.0.0",
      "devDependencies": {
        "@syncfusion/ej2-js-es5": "^33.1.44"
      }
    },
    "node_modules/@syncfusion/ej2-js-es5": {
      "version": "33.1.44",
      "resolved": "https://registry.npmjs.org/@syncfusion/ej2-js-es5/-/ej2-js-es5-33.1.44.tgz",
      "integrity": "sha512-nMBLZmphBkfG6sYLe2CBMX9Eki8fhcEFAVHDs1c6ovKeJ3NuFna9gJhu2Z1Hs4YxdZx2TI2HS1pcmOd4xiwesQ==",
      "dev": true,
      "license": "SEE LICENSE IN license"
    }
  }
}
